{
  "name": "md-links",
  "version": "0.1.0",
  "lockfileVersion": 2,
  "requires": true,
  "packages": {
    "": {
      "name": "md-links",
      "version": "0.1.0",
      "dependencies": {
        "chalk": "^5.1.2",
        "process.argv": "^0.6.0",
        "valid-path": "^2.1.0"
      },
      "engines": {
        "node": ">=14.x"
      }
    },
    "node_modules/chalk": {
      "version": "5.1.2",
      "resolved": "https://registry.npmjs.org/chalk/-/chalk-5.1.2.tgz",
      "integrity": "sha512-E5CkT4jWURs1Vy5qGJye+XwCkNj7Od3Af7CP6SujMetSMkLs8Do2RWJK5yx1wamHV/op8Rz+9rltjaTQWDnEFQ==",
      "engines": {
        "node": "^12.17.0 || ^14.13 || >=16.0.0"
      },
      "funding": {
        "url": "https://github.com/chalk/chalk?sponsor=1"
      }
    },
    "node_modules/is-extglob": {
      "version": "2.1.1",
      "resolved": "https://registry.npmjs.org/is-extglob/-/is-extglob-2.1.1.tgz",
      "integrity": "sha512-SbKbANkN603Vi4jEZv49LeVJMn4yGwsbzZworEoyEiutsN3nJYdbO36zfhGJ6QEDpOZIFkDtnq5JRxmvl3jsoQ==",
      "engines": {
        "node": ">=0.10.0"
      }
    },
    "node_modules/is-glob": {
      "version": "4.0.3",
      "resolved": "https://registry.npmjs.org/is-glob/-/is-glob-4.0.3.tgz",
      "integrity": "sha512-xelSayHH36ZgE7ZWhli7pW34hNbNl8Ojv5KVmkJD4hBdD3th8Tfk9vYasLM+mXWOZhFkgZfxhLSnrwRr4elSSg==",
      "dependencies": {
        "is-extglob": "^2.1.1"
      },
      "engines": {
        "node": ">=0.10.0"
      }
    },
    "node_modules/obop": {
      "version": "0.2.1",
      "resolved": "https://registry.npmjs.org/obop/-/obop-0.2.1.tgz",
      "integrity": "sha512-cw8GJUfhWqFK/NOEZfBUhn8mLrnyRfbWyK9MGl/hFaLQDh1QlaOapvnTsB8X+xWMFEi4pr5BCQXaiuDD2iFJww=="
    },
    "node_modules/process.argv": {
      "version": "0.6.0",
      "resolved": "https://registry.npmjs.org/process.argv/-/process.argv-0.6.0.tgz",
      "integrity": "sha512-G5Y6H3IXEOO8dOoWVH+Ml1fSnjfRYruxl/Yuw43x8ncKzyS5k26bwNpITb7qc/TU3JqIttkh74zhLN64CDW0Yw==",
      "dependencies": {
        "obop": "^0.2.0"
      }
    },
    "node_modules/valid-path": {
      "version": "2.1.0",
      "resolved": "https://registry.npmjs.org/valid-path/-/valid-path-2.1.0.tgz",
      "integrity": "sha512-hYanLM6kqE7zLl0oykV//2q3meRgYGOtS2lgChozuWjjghSqR8xwc3199bDGUFPwszk/MhvHhyVys8HdHU9buw==",
      "dependencies": {
        "is-glob": "^4.0.3"
      }
    }
  },
  "dependencies": {
    "chalk": {
      "version": "5.1.2",
      "resolved": "https://registry.npmjs.org/chalk/-/chalk-5.1.2.tgz",
      "integrity": "sha512-E5CkT4jWURs1Vy5qGJye+XwCkNj7Od3Af7CP6SujMetSMkLs8Do2RWJK5yx1wamHV/op8Rz+9rltjaTQWDnEFQ=="
    },
    "is-extglob": {
      "version": "2.1.1",
      "resolved": "https://registry.npmjs.org/is-extglob/-/is-extglob-2.1.1.tgz",
      "integrity": "sha512-SbKbANkN603Vi4jEZv49LeVJMn4yGwsbzZworEoyEiutsN3nJYdbO36zfhGJ6QEDpOZIFkDtnq5JRxmvl3jsoQ=="
    },
    "is-glob": {
      "version": "4.0.3",
      "resolved": "https://registry.npmjs.org/is-glob/-/is-glob-4.0.3.tgz",
      "integrity": "sha512-xelSayHH36ZgE7ZWhli7pW34hNbNl8Ojv5KVmkJD4hBdD3th8Tfk9vYasLM+mXWOZhFkgZfxhLSnrwRr4elSSg==",
      "requires": {
        "is-extglob": "^2.1.1"
      }
    },
    "obop": {
      "version": "0.2.1",
      "resolved": "https://registry.npmjs.org/obop/-/obop-0.2.1.tgz",
      "integrity": "sha512-cw8GJUfhWqFK/NOEZfBUhn8mLrnyRfbWyK9MGl/hFaLQDh1QlaOapvnTsB8X+xWMFEi4pr5BCQXaiuDD2iFJww=="
    },
    "process.argv": {
      "version": "0.6.0",
      "resolved": "https://registry.npmjs.org/process.argv/-/process.argv-0.6.0.tgz",
      "integrity": "sha512-G5Y6H3IXEOO8dOoWVH+Ml1fSnjfRYruxl/Yuw43x8ncKzyS5k26bwNpITb7qc/TU3JqIttkh74zhLN64CDW0Yw==",
      "requires": {
        "obop": "^0.2.0"
      }
    },
    "valid-path": {
      "version": "2.1.0",
      "resolved": "https://registry.npmjs.org/valid-path/-/valid-path-2.1.0.tgz",
      "integrity": "sha512-hYanLM6kqE7zLl0oykV//2q3meRgYGOtS2lgChozuWjjghSqR8xwc3199bDGUFPwszk/MhvHhyVys8HdHU9buw==",
      "requires": {
        "is-glob": "^4.0.3"
      }
    }
  }
}
